
Microsoft Visual Studio Solution File, Format Version 12.00
# Visual Studio 15
VisualStudioVersion = 15.0.28010.2041
MinimumVisualStudioVersion = 10.0.40219.1
Project("{FAE04EC0-301F-11D3-BF4B-00C04F79EFBC}") = "RSMS", "RSMS\RSMS.csproj", "{74CE69EB-3312-4B96-9383-C4C9F73D7BF2}"
	ProjectSection(ProjectDependencies) = postProject
		{80202EAD-E869-4FDC-9B7D-8C8722E84DD3} = {80202EAD-E869-4FDC-9B7D-8C8722E84DD3}
	EndProjectSection
EndProject
Project("{00D1A9C2-B5F0-4AF3-8072-F6C62B433612}") = "RSMSDB", "RSMSDB\RSMSDB.sqlproj", "{10E1F2B7-9A45-46B4-AE6F-AB0FE1057141}"
EndProject
Project("{FAE04EC0-301F-11D3-BF4B-00C04F79EFBC}") = "RSMSDAL", "RSMSDAL\RSMSDAL.csproj", "{E933978D-BA82-492E-B6B5-70E748B05075}"
EndProject
Project("{FAE04EC0-301F-11D3-BF4B-00C04F79EFBC}") = "RSMSDATAMODELS", "RSMSDATAMODELS\RSMSDATAMODELS.csproj", "{FFE34E3D-49EE-46C5-A61E-6FAB76DA28FC}"
EndProject
Project("{FAE04EC0-301F-11D3-BF4B-00C04F79EFBC}") = "RSMSREPO", "RSMSREPO\RSMSREPO.csproj", "{8F854C04-14C6-43B3-AC5D-C6C5FE5F53F6}"
EndProject
Project("{FAE04EC0-301F-11D3-BF4B-00C04F79EFBC}") = "RSMSMODELS", "RSMSMODELS\RSMSMODELS.csproj", "{036CC334-EB59-4F3C-804E-B3F8C57F108C}"
EndProject
Project("{FAE04EC0-301F-11D3-BF4B-00C04F79EFBC}") = "RSMSSERVICE", "RSMSSERVICE\RSMSSERVICE.csproj", "{D15770BF-231A-480B-8B5B-3D4C5DF3E6AB}"
EndProject
Project("{FAE04EC0-301F-11D3-BF4B-00C04F79EFBC}") = "BookingService", "BookingService\BookingService.csproj", "{80202EAD-E869-4FDC-9B7D-8C8722E84DD3}"
EndProject
Global
	GlobalSection(SolutionConfigurationPlatforms) = preSolution
		Debug|Any CPU = Debug|Any CPU
		Release|Any CPU = Release|Any CPU
	EndGlobalSection
	GlobalSection(ProjectConfigurationPlatforms) = postSolution
		{74CE69EB-3312-4B96-9383-C4C9F73D7BF2}.Debug|Any CPU.ActiveCfg = Debug|Any CPU
		{74CE69EB-3312-4B96-9383-C4C9F73D7BF2}.Debug|Any CPU.Build.0 = Debug|Any CPU
		{74CE69EB-3312-4B96-9383-C4C9F73D7BF2}.Release|Any CPU.ActiveCfg = Release|Any CPU
		{74CE69EB-3312-4B96-9383-C4C9F73D7BF2}.Release|Any CPU.Build.0 = Release|Any CPU
		{10E1F2B7-9A45-46B4-AE6F-AB0FE1057141}.Debug|Any CPU.ActiveCfg = Debug|Any CPU
		{10E1F2B7-9A45-46B4-AE6F-AB0FE1057141}.Debug|Any CPU.Build.0 = Debug|Any CPU
		{10E1F2B7-9A45-46B4-AE6F-AB0FE1057141}.Debug|Any CPU.Deploy.0 = Debug|Any CPU
		{10E1F2B7-9A45-46B4-AE6F-AB0FE1057141}.Release|Any CPU.ActiveCfg = Release|Any CPU
		{10E1F2B7-9A45-46B4-AE6F-AB0FE1057141}.Release|Any CPU.Build.0 = Release|Any CPU
		{10E1F2B7-9A45-46B4-AE6F-AB0FE1057141}.Release|Any CPU.Deploy.0 = Release|Any CPU
		{E933978D-BA82-492E-B6B5-70E748B05075}.Debug|Any CPU.ActiveCfg = Debug|Any CPU
		{E933978D-BA82-492E-B6B5-70E748B05075}.Debug|Any CPU.Build.0 = Debug|Any CPU
		{E933978D-BA82-492E-B6B5-70E748B05075}.Release|Any CPU.ActiveCfg = Release|Any CPU
		{E933978D-BA82-492E-B6B5-70E748B05075}.Release|Any CPU.Build.0 = Release|Any CPU
		{FFE34E3D-49EE-46C5-A61E-6FAB76DA28FC}.Debug|Any CPU.ActiveCfg = Debug|Any CPU
		{FFE34E3D-49EE-46C5-A61E-6FAB76DA28FC}.Debug|Any CPU.Build.0 = Debug|Any CPU
		{FFE34E3D-49EE-46C5-A61E-6FAB76DA28FC}.Release|Any CPU.ActiveCfg = Release|Any CPU
		{FFE34E3D-49EE-46C5-A61E-6FAB76DA28FC}.Release|Any CPU.Build.0 = Release|Any CPU
		{8F854C04-14C6-43B3-AC5D-C6C5FE5F53F6}.Debug|Any CPU.ActiveCfg = Debug|Any CPU
		{8F854C04-14C6-43B3-AC5D-C6C5FE5F53F6}.Debug|Any CPU.Build.0 = Debug|Any CPU
		{8F854C04-14C6-43B3-AC5D-C6C5FE5F53F6}.Release|Any CPU.ActiveCfg = Release|Any CPU
		{8F854C04-14C6-43B3-AC5D-C6C5FE5F53F6}.Release|Any CPU.Build.0 = Release|Any CPU
		{036CC334-EB59-4F3C-804E-B3F8C57F108C}.Debug|Any CPU.ActiveCfg = Debug|Any CPU
		{036CC334-EB59-4F3C-804E-B3F8C57F108C}.Debug|Any CPU.Build.0 = Debug|Any CPU
		{036CC334-EB59-4F3C-804E-B3F8C57F108C}.Release|Any CPU.ActiveCfg = Release|Any CPU
		{036CC334-EB59-4F3C-804E-B3F8C57F108C}.Release|Any CPU.Build.0 = Release|Any CPU
		{D15770BF-231A-480B-8B5B-3D4C5DF3E6AB}.Debug|Any CPU.ActiveCfg = Debug|Any CPU
		{D15770BF-231A-480B-8B5B-3D4C5DF3E6AB}.Debug|Any CPU.Build.0 = Debug|Any CPU
		{D15770BF-231A-480B-8B5B-3D4C5DF3E6AB}.Release|Any CPU.ActiveCfg = Release|Any CPU
		{D15770BF-231A-480B-8B5B-3D4C5DF3E6AB}.Release|Any CPU.Build.0 = Release|Any CPU
		{80202EAD-E869-4FDC-9B7D-8C8722E84DD3}.Debug|Any CPU.ActiveCfg = Debug|Any CPU
		{80202EAD-E869-4FDC-9B7D-8C8722E84DD3}.Debug|Any CPU.Build.0 = Debug|Any CPU
		{80202EAD-E869-4FDC-9B7D-8C8722E84DD3}.Release|Any CPU.ActiveCfg = Release|Any CPU
		{80202EAD-E869-4FDC-9B7D-8C8722E84DD3}.Release|Any CPU.Build.0 = Release|Any CPU
	EndGlobalSection
	GlobalSection(SolutionProperties) = preSolution
		HideSolutionNode = FALSE
	EndGlobalSection
	GlobalSection(ExtensibilityGlobals) = postSolution
		SolutionGuid = {E7F1027D-8C79-4D1B-AC97-11FDA1C1E9C8}
	EndGlobalSection
EndGlobal
